# THIS IS AN AUTOGENERATED FILE. DO NOT EDIT THIS FILE DIRECTLY.
# yarn lockfile v1


"@servie/events@^1.0.0":
  version "1.0.0"
  resolved "https://registry.yarnpkg.com/@servie/events/-/events-1.0.0.tgz#8258684b52d418ab7b86533e861186638ecc5dc1"
  integrity sha512-sBSO19KzdrJCM3gdx6eIxV8M9Gxfgg6iDQmH5TIAGaUu+X9VDdsINXJOnoiZ1Kx3TrHdH4bt5UVglkjsEGBcvw==

"@types/tough-cookie@^2.3.5":
  version "2.3.6"
  resolved "https://registry.yarnpkg.com/@types/tough-cookie/-/tough-cookie-2.3.6.tgz#c880579e087d7a0db13777ff8af689f4ffc7b0d5"
  integrity sha512-wHNBMnkoEBiRAd3s8KTKwIuO9biFtTf0LehITzBhSco+HQI0xkXZbLOD55SW3Aqw3oUkHstkm5SPv58yaAdFPQ==

byte-length@^1.0.2:
  version "1.0.2"
  resolved "https://registry.yarnpkg.com/byte-length/-/byte-length-1.0.2.tgz#ba5a5909240b0121c079b7f7b15248d6f08223cc"
  integrity sha512-ovBpjmsgd/teRmgcPh23d4gJvxDoXtAzEL9xTfMU8Yc2kqCDb7L9jAG0XHl1nzuGl+h3ebCIF1i62UFyA9V/2Q==

client-oauth2@^4.2.5:
  version "4.2.5"
  resolved "https://registry.yarnpkg.com/client-oauth2/-/client-oauth2-4.2.5.tgz#cee9499ef0acc84ee545a76a8a51942ddf26f473"
  integrity sha512-GAhVLveAbBkwcfEH/d5lTW9eCgcPR3Up93cx7v4qWTdLCa4O0m3ykNNn4aAVeWOiHfWL5skO+3u0F/gfAxZuPQ==
  dependencies:
    popsicle "12.0.4"
    safe-buffer "^5.1.1"

end-of-stream@^1.1.0:
  version "1.4.4"
  resolved "https://registry.yarnpkg.com/end-of-stream/-/end-of-stream-1.4.4.tgz#5ae64a5f45057baf3626ec14da0ca5e4b2431eb0"
  integrity sha512-+uw1inIHVPQoaVuHzRyXd21icM+cnt4CzD5rW+NC1wjOUSTOs+Te7FOv7AhN7vS9x/oIyhLP5PR1H+phQAHu5Q==
  dependencies:
    once "^1.4.0"

ip-regex@^2.1.0:
  version "2.1.0"
  resolved "https://registry.yarnpkg.com/ip-regex/-/ip-regex-2.1.0.tgz#fa78bf5d2e6913c911ce9f819ee5146bb6d844e9"
  integrity sha1-+ni/XS5pE8kRzp+BnuUUa7bYROk=

make-error-cause@^2.2.0:
  version "2.3.0"
  resolved "https://registry.yarnpkg.com/make-error-cause/-/make-error-cause-2.3.0.tgz#ecd11875971e506d510e93d37796e5b83f46d6f9"
  integrity sha512-etgt+n4LlOkGSJbBTV9VROHA5R7ekIPS4vfh+bCAoJgRrJWdqJCBbpS3osRJ/HrT7R68MzMiY3L3sDJ/Fd8aBg==
  dependencies:
    make-error "^1.3.5"

make-error@^1.3.5:
  version "1.3.5"
  resolved "https://registry.yarnpkg.com/make-error/-/make-error-1.3.5.tgz#efe4e81f6db28cadd605c70f29c831b58ef776c8"
  integrity sha512-c3sIjNUow0+8swNwVpqoH4YCShKNFkMaw6oH1mNS2haDZQqkeZFlHS3dhoeEbKKmJB4vXpJucU6oH75aDYeE9g==

node-fetch@^2.6.0:
  version "2.6.0"
  resolved "https://registry.yarnpkg.com/node-fetch/-/node-fetch-2.6.0.tgz#e633456386d4aa55863f676a7ab0daa8fdecb0fd"
  integrity sha512-8dG4H5ujfvFiqDmVu9fQ5bOHUC15JMjMY/Zumv26oOvvVJjM67KF8koCWIabKQ1GJIa9r2mMZscBq/TbdOcmNA==

once@^1.3.1, once@^1.4.0:
  version "1.4.0"
  resolved "https://registry.yarnpkg.com/once/-/once-1.4.0.tgz#583b1aa775961d4b113ac17d9c50baef9dd76bd1"
  integrity sha1-WDsap3WWHUsROsF9nFC6753Xa9E=
  dependencies:
    wrappy "1"

popsicle-content-encoding@^1.0.0:
  version "1.0.0"
  resolved "https://registry.yarnpkg.com/popsicle-content-encoding/-/popsicle-content-encoding-1.0.0.tgz#2ab419083fee0387bf6e64d21b1a9af560795adb"
  integrity sha512-4Df+vTfM8wCCJVTzPujiI6eOl3SiWQkcZg0AMrOkD1enMXsF3glIkFUZGvour1Sj7jOWCsNSEhBxpbbhclHhzw==

popsicle-cookie-jar@^1.0.0:
  version "1.0.0"
  resolved "https://registry.yarnpkg.com/popsicle-cookie-jar/-/popsicle-cookie-jar-1.0.0.tgz#9e8c89be7182b31f7ce0e66dad465ae475d8f47c"
  integrity sha512-vrlOGvNVELko0+J8NpGC5lHWDGrk8LQJq9nwAMIVEVBfN1Lib3BLxAaLRGDTuUnvl45j5N9dT2H85PULz6IjjQ==
  dependencies:
    "@types/tough-cookie" "^2.3.5"
    tough-cookie "^3.0.1"

popsicle-redirects@^1.0.0:
  version "1.1.0"
  resolved "https://registry.yarnpkg.com/popsicle-redirects/-/popsicle-redirects-1.1.0.tgz#2a5abb49a7ad49c02e90b24d4608dc0b8b23176a"
  integrity sha512-XCpzVjVk7tty+IJnSdqWevmOr1n8HNDhL86v7mZ6T1JIIf2KGybxUk9mm7ZFOhWMkGB0e8XkacHip7BV8AQWQA==

popsicle-transport-http@^1.0.0:
  version "1.0.7"
  resolved "https://registry.yarnpkg.com/popsicle-transport-http/-/popsicle-transport-http-1.0.7.tgz#a20bf0dd3a42d4acd55fb9cf34e8cff47789ba49"
  integrity sha512-UVpbAfJn9Z19A84WdIklHzbK8EHt7o1w0u6JEkAx6BTlkSxI6T2Lo5Vr989YO8pPmbFZhNClz3Eir8fldAYWpQ==
  dependencies:
    make-error-cause "^2.2.0"
    pump "^3.0.0"

popsicle-transport-xhr@^1.0.0:
  version "1.0.2"
  resolved "https://registry.yarnpkg.com/popsicle-transport-xhr/-/popsicle-transport-xhr-1.0.2.tgz#aa4b7ab74d37f880cf857622cbbaf5ead3e43cb2"
  integrity sha512-v9eAJnj1tydT4VmDdyKFE1z/+oL01vB7AS3LfSFMAYv33dzqlxtbApKALcYWBQotIqw3FoIqd2FiDR6qJsOxtA==

popsicle-user-agent@^1.0.0:
  version "1.0.0"
  resolved "https://registry.yarnpkg.com/popsicle-user-agent/-/popsicle-user-agent-1.0.0.tgz#976af355b605966168733c4e03ad1e4f783f5d48"
  integrity sha512-epKaq3TTfTzXcxBxjpoKYMcTTcAX8Rykus6QZu77XNhJuRHSRxMd+JJrbX/3PFI0opFGSN0BabbAYCbGxbu0mA==

popsicle@12.0.4:
  version "12.0.4"
  resolved "https://registry.yarnpkg.com/popsicle/-/popsicle-12.0.4.tgz#297adb1132a79fdbc54ca902645811b177f6234f"
  integrity sha512-UuxhAFa4RXBecC6ZK24sKra/9va1bTxnb3CQpFsm+VBW72sl+UtTAmZv7LZTvvDNnGusAqisN+a6xSN9xSQzZA==
  dependencies:
    popsicle-content-encoding "^1.0.0"
    popsicle-cookie-jar "^1.0.0"
    popsicle-redirects "^1.0.0"
    popsicle-transport-http "^1.0.0"
    popsicle-transport-xhr "^1.0.0"
    popsicle-user-agent "^1.0.0"
    servie "^4.0.6"
    throwback "^4.1.0"
    tough-cookie "^3.0.1"

psl@^1.1.28:
  version "1.7.0"
  resolved "https://registry.yarnpkg.com/psl/-/psl-1.7.0.tgz#f1c4c47a8ef97167dea5d6bbf4816d736e884a3c"
  integrity sha512-5NsSEDv8zY70ScRnOTn7bK7eanl2MvFrOrS/R6x+dBt5g1ghnj9Zv90kO8GwT8gxcu2ANyFprnFYB85IogIJOQ==

pump@^3.0.0:
  version "3.0.0"
  resolved "https://registry.yarnpkg.com/pump/-/pump-3.0.0.tgz#b4a2116815bde2f4e1ea602354e8c75565107a64"
  integrity sha512-LwZy+p3SFs1Pytd/jYct4wpv49HiYCqd9Rlc5ZVdk0V+8Yzv6jR5Blk3TRmPL1ft69TxP0IMZGJ+WPFU2BFhww==
  dependencies:
    end-of-stream "^1.1.0"
    once "^1.3.1"

punycode@^2.1.1:
  version "2.1.1"
  resolved "https://registry.yarnpkg.com/punycode/-/punycode-2.1.1.tgz#b58b010ac40c22c5657616c8d2c2c02c7bf479ec"
  integrity sha512-XRsRjdf+j5ml+y/6GKHPZbrF/8p2Yga0JPtdqTIY2Xe5ohJPD9saDJJLPvp9+NSBprVvevdXZybnj2cv8OEd0A==

safe-buffer@^5.1.1:
  version "5.2.0"
  resolved "https://registry.yarnpkg.com/safe-buffer/-/safe-buffer-5.2.0.tgz#b74daec49b1148f88c64b68d49b1e815c1f2f519"
  integrity sha512-fZEwUGbVl7kouZs1jCdMLdt95hdIv0ZeHg6L7qPeciMZhZ+/gdesW4wgTARkrFWEpspjEATAzUGPG8N2jJiwbg==

servie@^4.0.6:
  version "4.3.2"
  resolved "https://registry.yarnpkg.com/servie/-/servie-4.3.2.tgz#7168140d62cb9476cb8b184fc8ceda24d5154e7e"
  integrity sha512-1NpFf3LjkDDq4IIuBqtqHfSdPWhXpuyWwuBdwbifZjWSxQd8rCWz5W9AluxNvWfteM1qQ26puODIzWljvBJc5A==
  dependencies:
    "@servie/events" "^1.0.0"
    byte-length "^1.0.2"

throwback@^4.1.0:
  version "4.1.0"
  resolved "https://registry.yarnpkg.com/throwback/-/throwback-4.1.0.tgz#421aac7ba9eff473105385ac4a2b0130d4b0a59c"
  integrity sha512-dLFe8bU8SeH0xeqeKL7BNo8XoPC/o91nz9/ooeplZPiso+DZukhoyZcSz9TFnUNScm+cA9qjU1m1853M6sPOng==

tough-cookie@^3.0.1:
  version "3.0.1"
  resolved "https://registry.yarnpkg.com/tough-cookie/-/tough-cookie-3.0.1.tgz#9df4f57e739c26930a018184887f4adb7dca73b2"
  integrity sha512-yQyJ0u4pZsv9D4clxO69OEjLWYw+jbgspjTue4lTQZLfV0c5l1VmK2y1JK8E9ahdpltPOaAThPcp5nKPUgSnsg==
  dependencies:
    ip-regex "^2.1.0"
    psl "^1.1.28"
    punycode "^2.1.1"

wrappy@1:
  version "1.0.2"
  resolved "https://registry.yarnpkg.com/wrappy/-/wrappy-1.0.2.tgz#b5243d8f3ec1aa35f1364605bc0d1036e30ab69f"
  integrity sha1-tSQ9jz7BqjXxNkYFvA0QNuMKtp8=
